
Microsoft Visual Studio Solution File, Format Version 12.00
# Visual Studio Version 17
VisualStudioVersion = 17.14.36127.28
MinimumVisualStudioVersion = 10.0.40219.1
Project("{FAE04EC0-301F-11D3-BF4B-00C04F79EFBC}") = "FFXSpeedrunMod", "FFXCutsceneRemover\FFXSpeedrunMod.csproj", "{E37F9231-7A8F-4667-8BDE-45D0D13127AD}"
EndProject
Global
	GlobalSection(SolutionConfigurationPlatforms) = preSolution
		Debug|Any CPU = Debug|Any CPU
		Debug|x86 = Debug|x86
		Release|Any CPU = Release|Any CPU
		Release|x86 = Release|x86
	EndGlobalSection
	GlobalSection(ProjectConfigurationPlatforms) = postSolution
		{E37F9231-7A8F-4667-8BDE-45D0D13127AD}.Debug|Any CPU.ActiveCfg = Release|Any CPU
		{E37F9231-7A8F-4667-8BDE-45D0D13127AD}.Debug|Any CPU.Build.0 = Release|Any CPU
		{E37F9231-7A8F-4667-8BDE-45D0D13127AD}.Debug|x86.ActiveCfg = Release|x86
		{E37F9231-7A8F-4667-8BDE-45D0D13127AD}.Debug|x86.Build.0 = Release|x86
		{E37F9231-7A8F-4667-8BDE-45D0D13127AD}.Release|Any CPU.ActiveCfg = Release|Any CPU
		{E37F9231-7A8F-4667-8BDE-45D0D13127AD}.Release|Any CPU.Build.0 = Release|Any CPU
		{E37F9231-7A8F-4667-8BDE-45D0D13127AD}.Release|x86.ActiveCfg = Release|Any CPU
		{E37F9231-7A8F-4667-8BDE-45D0D13127AD}.Release|x86.Build.0 = Release|Any CPU
	EndGlobalSection
	GlobalSection(SolutionProperties) = preSolution
		HideSolutionNode = FALSE
	EndGlobalSection
	GlobalSection(ExtensibilityGlobals) = postSolution
		SolutionGuid = {7F573D85-9DFA-4F88-912D-E03D8D3B57DA}
	EndGlobalSection
EndGlobal
